
Microsoft Visual Studio Solution File, Format Version 11.00
# Visual C++ Express 2010
Project("{8BC9CEB8-8B4A-11D0-8D11-00A0C91BC942}") = "URLWordGeneration_StopWordRemoval", "URLWordGeneration_StopWordRemoval\URLWordGeneration_StopWordRemoval.vcxproj", "{00CB9097-6764-483F-89C2-BEDF466B1A17}"
EndProject
Global
	GlobalSection(SolutionConfigurationPlatforms) = preSolution
		Debug|Win32 = Debug|Win32
		Release|Win32 = Release|Win32
	EndGlobalSection
	GlobalSection(ProjectConfigurationPlatforms) = postSolution
		{00CB9097-6764-483F-89C2-BEDF466B1A17}.Debug|Win32.ActiveCfg = Debug|Win32
		{00CB9097-6764-483F-89C2-BEDF466B1A17}.Debug|Win32.Build.0 = Debug|Win32
		{00CB9097-6764-483F-89C2-BEDF466B1A17}.Release|Win32.ActiveCfg = Release|Win32
		{00CB9097-6764-483F-89C2-BEDF466B1A17}.Release|Win32.Build.0 = Release|Win32
	EndGlobalSection
	GlobalSection(SolutionProperties) = preSolution
		HideSolutionNode = FALSE
	EndGlobalSection
EndGlobal
