
Microsoft Visual Studio Solution File, Format Version 11.00
# Visual C++ Express 2010
Project("{8BC9CEB8-8B4A-11D0-8D11-00A0C91BC942}") = "AttributeWeightSelection", "AttributeWeightSelection\AttributeWeightSelection.vcxproj", "{ED8D6E8C-80B2-4AF7-81B9-4904D8973D97}"
EndProject
Global
	GlobalSection(SolutionConfigurationPlatforms) = preSolution
		Debug|Win32 = Debug|Win32
		Release|Win32 = Release|Win32
	EndGlobalSection
	GlobalSection(ProjectConfigurationPlatforms) = postSolution
		{ED8D6E8C-80B2-4AF7-81B9-4904D8973D97}.Debug|Win32.ActiveCfg = Debug|Win32
		{ED8D6E8C-80B2-4AF7-81B9-4904D8973D97}.Debug|Win32.Build.0 = Debug|Win32
		{ED8D6E8C-80B2-4AF7-81B9-4904D8973D97}.Release|Win32.ActiveCfg = Release|Win32
		{ED8D6E8C-80B2-4AF7-81B9-4904D8973D97}.Release|Win32.Build.0 = Release|Win32
	EndGlobalSection
	GlobalSection(SolutionProperties) = preSolution
		HideSolutionNode = FALSE
	EndGlobalSection
EndGlobal
